// !$*UTF8*$!
{
	archiveVersion = 1;
	classes = {
	};
	objectVersion = 56;
	objects = {

/* Begin PBXBuildFile section */
		9430ACCF29AAAC4900166A75 /* StateToyApp.swift in Sources */ = {isa = PBXBuildFile; fileRef = 9430ACCE29AAAC4900166A75 /* StateToyApp.swift */; };
		9430ACD129AAAC4900166A75 /* StateParentView.swift in Sources */ = {isa = PBXBuildFile; fileRef = 9430ACD029AAAC4900166A75 /* StateParentView.swift */; };
		9430ACD329AAAC4900166A75 /* Assets.xcassets in Resources */ = {isa = PBXBuildFile; fileRef = 9430ACD229AAAC4900166A75 /* Assets.xcassets */; };
		9430ACD629AAAC4900166A75 /* Preview Assets.xcassets in Resources */ = {isa = PBXBuildFile; fileRef = 9430ACD529AAAC4900166A75 /* Preview Assets.xcassets */; };
		9430ACDD29AAAC8E00166A75 /* StateChildView.swift in Sources */ = {isa = PBXBuildFile; fileRef = 9430ACDC29AAAC8E00166A75 /* StateChildView.swift */; };
		9430ACE029AAADAF00166A75 /* StateRootView.swift in Sources */ = {isa = PBXBuildFile; fileRef = 9430ACDF29AAADAF00166A75 /* StateRootView.swift */; };
		9430ACE229AAADD100166A75 /* BindingRootView.swift in Sources */ = {isa = PBXBuildFile; fileRef = 9430ACE129AAADD100166A75 /* BindingRootView.swift */; };
		9430ACE729AAAE5600166A75 /* BindingParentView.swift in Sources */ = {isa = PBXBuildFile; fileRef = 9430ACE629AAAE5600166A75 /* BindingParentView.swift */; };
		9430ACE929AAAE9D00166A75 /* BindingChildView.swift in Sources */ = {isa = PBXBuildFile; fileRef = 9430ACE829AAAE9D00166A75 /* BindingChildView.swift */; };
/* End PBXBuildFile section */

/* Begin PBXFileReference section */
		9430ACCB29AAAC4900166A75 /* StateToy.app */ = {isa = PBXFileReference; explicitFileType = wrapper.application; includeInIndex = 0; path = StateToy.app; sourceTree = BUILT_PRODUCTS_DIR; };
		9430ACCE29AAAC4900166A75 /* StateToyApp.swift */ = {isa = PBXFileReference; lastKnownFileType = sourcecode.swift; path = StateToyApp.swift; sourceTree = "<group>"; };
		9430ACD029AAAC4900166A75 /* StateParentView.swift */ = {isa = PBXFileReference; lastKnownFileType = sourcecode.swift; path = StateParentView.swift; sourceTree = "<group>"; };
		9430ACD229AAAC4900166A75 /* Assets.xcassets */ = {isa = PBXFileReference; lastKnownFileType = folder.assetcatalog; path = Assets.xcassets; sourceTree = "<group>"; };
		9430ACD529AAAC4900166A75 /* Preview Assets.xcassets */ = {isa = PBXFileReference; lastKnownFileType = folder.assetcatalog; path = "Preview Assets.xcassets"; sourceTree = "<group>"; };
		9430ACDC29AAAC8E00166A75 /* StateChildView.swift */ = {isa = PBXFileReference; lastKnownFileType = sourcecode.swift; path = StateChildView.swift; sourceTree = "<group>"; };
		9430ACDF29AAADAF00166A75 /* StateRootView.swift */ = {isa = PBXFileReference; lastKnownFileType = sourcecode.swift; path = StateRootView.swift; sourceTree = "<group>"; };
		9430ACE129AAADD100166A75 /* BindingRootView.swift */ = {isa = PBXFileReference; lastKnownFileType = sourcecode.swift; path = BindingRootView.swift; sourceTree = "<group>"; };
		9430ACE629AAAE5600166A75 /* BindingParentView.swift */ = {isa = PBXFileReference; lastKnownFileType = sourcecode.swift; path = BindingParentView.swift; sourceTree = "<group>"; };
		9430ACE829AAAE9D00166A75 /* BindingChildView.swift */ = {isa = PBXFileReference; lastKnownFileType = sourcecode.swift; path = BindingChildView.swift; sourceTree = "<group>"; };
/* End PBXFileReference section */

/* Begin PBXFrameworksBuildPhase section */
		9430ACC829AAAC4900166A75 /* Frameworks */ = {
			isa = PBXFrameworksBuildPhase;
			buildActionMask = 2147483647;
			files = (
			);
			runOnlyForDeploymentPostprocessing = 0;
		};
/* End PBXFrameworksBuildPhase section */

/* Begin PBXGroup section */
		9430ACC229AAAC4800166A75 = {
			isa = PBXGroup;
			children = (
				9430ACCD29AAAC4900166A75 /* StateToy */,
				9430ACCC29AAAC4900166A75 /* Products */,
			);
			sourceTree = "<group>";
		};
		9430ACCC29AAAC4900166A75 /* Products */ = {
			isa = PBXGroup;
			children = (
				9430ACCB29AAAC4900166A75 /* StateToy.app */,
			);
			name = Products;
			sourceTree = "<group>";
		};
		9430ACCD29AAAC4900166A75 /* StateToy */ = {
			isa = PBXGroup;
			children = (
				9430ACCE29AAAC4900166A75 /* StateToyApp.swift */,
				9430ACDE29AAAD9600166A75 /* StateExample */,
				9430ACE329AAADD600166A75 /* BindingExample */,
				9430ACD229AAAC4900166A75 /* Assets.xcassets */,
				9430ACD429AAAC4900166A75 /* Preview Content */,
			);
			path = StateToy;
			sourceTree = "<group>";
		};
		9430ACD429AAAC4900166A75 /* Preview Content */ = {
			isa = PBXGroup;
			children = (
				9430ACD529AAAC4900166A75 /* Preview Assets.xcassets */,
			);
			path = "Preview Content";
			sourceTree = "<group>";
		};
		9430ACDE29AAAD9600166A75 /* StateExample */ = {
			isa = PBXGroup;
			children = (
				9430ACDF29AAADAF00166A75 /* StateRootView.swift */,
				9430ACD029AAAC4900166A75 /* StateParentView.swift */,
				9430ACDC29AAAC8E00166A75 /* StateChildView.swift */,
			);
			path = StateExample;
			sourceTree = "<group>";
		};
		9430ACE329AAADD600166A75 /* BindingExample */ = {
			isa = PBXGroup;
			children = (
				9430ACE129AAADD100166A75 /* BindingRootView.swift */,
				9430ACE629AAAE5600166A75 /* BindingParentView.swift */,
				9430ACE829AAAE9D00166A75 /* BindingChildView.swift */,
			);
			path = BindingExample;
			sourceTree = "<group>";
		};
/* End PBXGroup section */

/* Begin PBXNativeTarget section */
		9430ACCA29AAAC4900166A75 /* StateToy */ = {
			isa = PBXNativeTarget;
			buildConfigurationList = 9430ACD929AAAC4900166A75 /* Build configuration list for PBXNativeTarget "StateToy" */;
			buildPhases = (
				9430ACC729AAAC4900166A75 /* Sources */,
				9430ACC829AAAC4900166A75 /* Frameworks */,
				9430ACC929AAAC4900166A75 /* Resources */,
			);
			buildRules = (
			);
			dependencies = (
			);
			name = StateToy;
			productName = StateToy;
			productReference = 9430ACCB29AAAC4900166A75 /* StateToy.app */;
			productType = "com.apple.product-type.application";
		};
/* End PBXNativeTarget section */

/* Begin PBXProject section */
		9430ACC329AAAC4800166A75 /* Project object */ = {
			isa = PBXProject;
			attributes = {
				BuildIndependentTargetsInParallel = 1;
				LastSwiftUpdateCheck = 1420;
				LastUpgradeCheck = 1420;
				TargetAttributes = {
					9430ACCA29AAAC4900166A75 = {
						CreatedOnToolsVersion = 14.2;
					};
				};
			};
			buildConfigurationList = 9430ACC629AAAC4800166A75 /* Build configuration list for PBXProject "StateToy" */;
			compatibilityVersion = "Xcode 14.0";
			developmentRegion = en;
			hasScannedForEncodings = 0;
			knownRegions = (
				en,
				Base,
			);
			mainGroup = 9430ACC229AAAC4800166A75;
			productRefGroup = 9430ACCC29AAAC4900166A75 /* Products */;
			projectDirPath = "";
			projectRoot = "";
			targets = (
				9430ACCA29AAAC4900166A75 /* StateToy */,
			);
		};
/* End PBXProject section */

/* Begin PBXResourcesBuildPhase section */
		9430ACC929AAAC4900166A75 /* Resources */ = {
			isa = PBXResourcesBuildPhase;
			buildActionMask = 2147483647;
			files = (
				9430ACD629AAAC4900166A75 /* Preview Assets.xcassets in Resources */,
				9430ACD329AAAC4900166A75 /* Assets.xcassets in Resources */,
			);
			runOnlyForDeploymentPostprocessing = 0;
		};
/* End PBXResourcesBuildPhase section */

/* Begin PBXSourcesBuildPhase section */
		9430ACC729AAAC4900166A75 /* Sources */ = {
			isa = PBXSourcesBuildPhase;
			buildActionMask = 2147483647;
			files = (
				9430ACD129AAAC4900166A75 /* StateParentView.swift in Sources */,
				9430ACE929AAAE9D00166A75 /* BindingChildView.swift in Sources */,
				9430ACCF29AAAC4900166A75 /* StateToyApp.swift in Sources */,
				9430ACE029AAADAF00166A75 /* StateRootView.swift in Sources */,
				9430ACE229AAADD100166A75 /* BindingRootView.swift in Sources */,
				9430ACE729AAAE5600166A75 /* BindingParentView.swift in Sources */,
				9430ACDD29AAAC8E00166A75 /* StateChildView.swift in Sources */,
			);
			runOnlyForDeploymentPostprocessing = 0;
		};
/* End PBXSourcesBuildPhase section */

/* Begin XCBuildConfiguration section */
		9430ACD729AAAC4900166A75 /* Debug */ = {
			isa = XCBuildConfiguration;
			buildSettings = {
				ALWAYS_SEARCH_USER_PATHS = NO;
				CLANG_ANALYZER_NONNULL = YES;
				CLANG_ANALYZER_NUMBER_OBJECT_CONVERSION = YES_AGGRESSIVE;
				CLANG_CXX_LANGUAGE_STANDARD = "gnu++20";
				CLANG_ENABLE_MODULES = YES;
				CLANG_ENABLE_OBJC_ARC = YES;
				CLANG_ENABLE_OBJC_WEAK = YES;
				CLANG_WARN_BLOCK_CAPTURE_AUTORELEASING = YES;
				CLANG_WARN_BOOL_CONVERSION = YES;
				CLANG_WARN_COMMA = YES;
				CLANG_WARN_CONSTANT_CONVERSION = YES;
				CLANG_WARN_DEPRECATED_OBJC_IMPLEMENTATIONS = YES;
				CLANG_WARN_DIRECT_OBJC_ISA_USAGE = YES_ERROR;
				CLANG_WARN_DOCUMENTATION_COMMENTS = YES;
				CLANG_WARN_EMPTY_BODY = YES;
				CLANG_WARN_ENUM_CONVERSION = YES;
				CLANG_WARN_INFINITE_RECURSION = YES;
				CLANG_WARN_INT_CONVERSION = YES;
				CLANG_WARN_NON_LITERAL_NULL_CONVERSION = YES;
				CLANG_WARN_OBJC_IMPLICIT_RETAIN_SELF = YES;
				CLANG_WARN_OBJC_LITERAL_CONVERSION = YES;
				CLANG_WARN_OBJC_ROOT_CLASS = YES_ERROR;
				CLANG_WARN_QUOTED_INCLUDE_IN_FRAMEWORK_HEADER = YES;
				CLANG_WARN_RANGE_LOOP_ANALYSIS = YES;
				CLANG_WARN_STRICT_PROTOTYPES = YES;
				CLANG_WARN_SUSPICIOUS_MOVE = YES;
				CLANG_WARN_UNGUARDED_AVAILABILITY = YES_AGGRESSIVE;
				CLANG_WARN_UNREACHABLE_CODE = YES;
				CLANG_WARN__DUPLICATE_METHOD_MATCH = YES;
				COPY_PHASE_STRIP = NO;
				DEBUG_INFORMATION_FORMAT = dwarf;
				ENABLE_STRICT_OBJC_MSGSEND = YES;
				ENABLE_TESTABILITY = YES;
				GCC_C_LANGUAGE_STANDARD = gnu11;
				GCC_DYNAMIC_NO_PIC = NO;
				GCC_NO_COMMON_BLOCKS = YES;
				GCC_OPTIMIZATION_LEVEL = 0;
				GCC_PREPROCESSOR_DEFINITIONS = (
					"DEBUG=1",
					"$(inherited)",
				);
				GCC_WARN_64_TO_32_BIT_CONVERSION = YES;
				GCC_WARN_ABOUT_RETURN_TYPE = YES_ERROR;
				GCC_WARN_UNDECLARED_SELECTOR = YES;
				GCC_WARN_UNINITIALIZED_AUTOS = YES_AGGRESSIVE;
				GCC_WARN_UNUSED_FUNCTION = YES;
				GCC_WARN_UNUSED_VARIABLE = YES;
				IPHONEOS_DEPLOYMENT_TARGET = 16.2;
				MTL_ENABLE_DEBUG_INFO = INCLUDE_SOURCE;
				MTL_FAST_MATH = YES;
				ONLY_ACTIVE_ARCH = YES;
				SDKROOT = iphoneos;
				SWIFT_ACTIVE_COMPILATION_CONDITIONS = DEBUG;
				SWIFT_OPTIMIZATION_LEVEL = "-Onone";
			};
			name = Debug;
		};
		9430ACD829AAAC4900166A75 /* Release */ = {
			isa = XCBuildConfiguration;
			buildSettings = {
				ALWAYS_SEARCH_USER_PATHS = NO;
				CLANG_ANALYZER_NONNULL = YES;
				CLANG_ANALYZER_NUMBER_OBJECT_CONVERSION = YES_AGGRESSIVE;
				CLANG_CXX_LANGUAGE_STANDARD = "gnu++20";
				CLANG_ENABLE_MODULES = YES;
				CLANG_ENABLE_OBJC_ARC = YES;
				CLANG_ENABLE_OBJC_WEAK = YES;
				CLANG_WARN_BLOCK_CAPTURE_AUTORELEASING = YES;
				CLANG_WARN_BOOL_CONVERSION = YES;
				CLANG_WARN_COMMA = YES;
				CLANG_WARN_CONSTANT_CONVERSION = YES;
				CLANG_WARN_DEPRECATED_OBJC_IMPLEMENTATIONS = YES;
				CLANG_WARN_DIRECT_OBJC_ISA_USAGE = YES_ERROR;
				CLANG_WARN_DOCUMENTATION_COMMENTS = YES;
				CLANG_WARN_EMPTY_BODY = YES;
				CLANG_WARN_ENUM_CONVERSION = YES;
				CLANG_WARN_INFINITE_RECURSION = YES;
				CLANG_WARN_INT_CONVERSION = YES;
				CLANG_WARN_NON_LITERAL_NULL_CONVERSION = YES;
				CLANG_WARN_OBJC_IMPLICIT_RETAIN_SELF = YES;
				CLANG_WARN_OBJC_LITERAL_CONVERSION = YES;
				CLANG_WARN_OBJC_ROOT_CLASS = YES_ERROR;
				CLANG_WARN_QUOTED_INCLUDE_IN_FRAMEWORK_HEADER = YES;
				CLANG_WARN_RANGE_LOOP_ANALYSIS = YES;
				CLANG_WARN_STRICT_PROTOTYPES = YES;
				CLANG_WARN_SUSPICIOUS_MOVE = YES;
				CLANG_WARN_UNGUARDED_AVAILABILITY = YES_AGGRESSIVE;
				CLANG_WARN_UNREACHABLE_CODE = YES;
				CLANG_WARN__DUPLICATE_METHOD_MATCH = YES;
				COPY_PHASE_STRIP = NO;
				DEBUG_INFORMATION_FORMAT = "dwarf-with-dsym";
				ENABLE_NS_ASSERTIONS = NO;
				ENABLE_STRICT_OBJC_MSGSEND = YES;
				GCC_C_LANGUAGE_STANDARD = gnu11;
				GCC_NO_COMMON_BLOCKS = YES;
				GCC_WARN_64_TO_32_BIT_CONVERSION = YES;
				GCC_WARN_ABOUT_RETURN_TYPE = YES_ERROR;
				GCC_WARN_UNDECLARED_SELECTOR = YES;
				GCC_WARN_UNINITIALIZED_AUTOS = YES_AGGRESSIVE;
				GCC_WARN_UNUSED_FUNCTION = YES;
				GCC_WARN_UNUSED_VARIABLE = YES;
				IPHONEOS_DEPLOYMENT_TARGET = 16.2;
				MTL_ENABLE_DEBUG_INFO = NO;
				MTL_FAST_MATH = YES;
				SDKROOT = iphoneos;
				SWIFT_COMPILATION_MODE = wholemodule;
				SWIFT_OPTIMIZATION_LEVEL = "-O";
				VALIDATE_PRODUCT = YES;
			};
			name = Release;
		};
		9430ACDA29AAAC4900166A75 /* Debug */ = {
			isa = XCBuildConfiguration;
			buildSettings = {
				ASSETCATALOG_COMPILER_APPICON_NAME = AppIcon;
				ASSETCATALOG_COMPILER_GLOBAL_ACCENT_COLOR_NAME = AccentColor;
				CODE_SIGN_STYLE = Automatic;
				CURRENT_PROJECT_VERSION = 1;
				DEVELOPMENT_ASSET_PATHS = "\"StateToy/Preview Content\"";
				DEVELOPMENT_TEAM = FSG38ZWRPB;
				ENABLE_PREVIEWS = YES;
				GENERATE_INFOPLIST_FILE = YES;
				INFOPLIST_KEY_UIApplicationSceneManifest_Generation = YES;
				INFOPLIST_KEY_UIApplicationSupportsIndirectInputEvents = YES;
				INFOPLIST_KEY_UILaunchScreen_Generation = YES;
				INFOPLIST_KEY_UISupportedInterfaceOrientations_iPad = "UIInterfaceOrientationPortrait UIInterfaceOrientationPortraitUpsideDown UIInterfaceOrientationLandscapeLeft UIInterfaceOrientationLandscapeRight";
				INFOPLIST_KEY_UISupportedInterfaceOrientations_iPhone = "UIInterfaceOrientationPortrait UIInterfaceOrientationLandscapeLeft UIInterfaceOrientationLandscapeRight";
				LD_RUNPATH_SEARCH_PATHS = (
					"$(inherited)",
					"@executable_path/Frameworks",
				);
				MARKETING_VERSION = 1.0;
				PRODUCT_BUNDLE_IDENTIFIER = com.johnbogil.StateToy;
				PRODUCT_NAME = "$(TARGET_NAME)";
				SWIFT_EMIT_LOC_STRINGS = YES;
				SWIFT_VERSION = 5.0;
				TARGETED_DEVICE_FAMILY = "1,2";
			};
			name = Debug;
		};
		9430ACDB29AAAC4900166A75 /* Release */ = {
			isa = XCBuildConfiguration;
			buildSettings = {
				ASSETCATALOG_COMPILER_APPICON_NAME = AppIcon;
				ASSETCATALOG_COMPILER_GLOBAL_ACCENT_COLOR_NAME = AccentColor;
				CODE_SIGN_STYLE = Automatic;
				CURRENT_PROJECT_VERSION = 1;
				DEVELOPMENT_ASSET_PATHS = "\"StateToy/Preview Content\"";
				DEVELOPMENT_TEAM = FSG38ZWRPB;
				ENABLE_PREVIEWS = YES;
				GENERATE_INFOPLIST_FILE = YES;
				INFOPLIST_KEY_UIApplicationSceneManifest_Generation = YES;
				INFOPLIST_KEY_UIApplicationSupportsIndirectInputEvents = YES;
				INFOPLIST_KEY_UILaunchScreen_Generation = YES;
				INFOPLIST_KEY_UISupportedInterfaceOrientations_iPad = "UIInterfaceOrientationPortrait UIInterfaceOrientationPortraitUpsideDown UIInterfaceOrientationLandscapeLeft UIInterfaceOrientationLandscapeRight";
				INFOPLIST_KEY_UISupportedInterfaceOrientations_iPhone = "UIInterfaceOrientationPortrait UIInterfaceOrientationLandscapeLeft UIInterfaceOrientationLandscapeRight";
				LD_RUNPATH_SEARCH_PATHS = (
					"$(inherited)",
					"@executable_path/Frameworks",
				);
				MARKETING_VERSION = 1.0;
				PRODUCT_BUNDLE_IDENTIFIER = com.johnbogil.StateToy;
				PRODUCT_NAME = "$(TARGET_NAME)";
				SWIFT_EMIT_LOC_STRINGS = YES;
				SWIFT_VERSION = 5.0;
				TARGETED_DEVICE_FAMILY = "1,2";
			};
			name = Release;
		};
/* End XCBuildConfiguration section */

/* Begin XCConfigurationList section */
		9430ACC629AAAC4800166A75 /* Build configuration list for PBXProject "StateToy" */ = {
			isa = XCConfigurationList;
			buildConfigurations = (
				9430ACD729AAAC4900166A75 /* Debug */,
				9430ACD829AAAC4900166A75 /* Release */,
			);
			defaultConfigurationIsVisible = 0;
			defaultConfigurationName = Release;
		};
		9430ACD929AAAC4900166A75 /* Build configuration list for PBXNativeTarget "StateToy" */ = {
			isa = XCConfigurationList;
			buildConfigurations = (
				9430ACDA29AAAC4900166A75 /* Debug */,
				9430ACDB29AAAC4900166A75 /* Release */,
			);
			defaultConfigurationIsVisible = 0;
			defaultConfigurationName = Release;
		};
/* End XCConfigurationList section */
	};
	rootObject = 9430ACC329AAAC4800166A75 /* Project object */;
}
